<?xml version="1.0" encoding="utf-8"?>
<Project ToolsVersion="4.0" xmlns="http://schemas.microsoft.com/developer/msbuild/2003">
  <ItemGroup>
    <Filter Include="Source Files">
      <UniqueIdentifier>{4FC737F1-C7A5-4376-A066-2A32D752A2FF}</UniqueIdentifier>
      <Extensions>cpp;c;cc;cxx;c++;cppm;ixx;def;odl;idl;hpj;bat;asm;asmx</Extensions>
    </Filter>
    <Filter Include="Header Files">
      <UniqueIdentifier>{93995380-89BD-4b04-88EB-625FBE52EBFB}</UniqueIdentifier>
      <Extensions>h;hh;hpp;hxx;h++;hm;inl;inc;ipp;xsd</Extensions>
    </Filter>
    <Filter Include="Resource Files">
      <UniqueIdentifier>{67DA6AB6-F800-4c08-8B7A-83BB121AAD01}</UniqueIdentifier>
      <Extensions>rc;ico;cur;bmp;dlg;rc2;rct;bin;rgs;gif;jpg;jpeg;jpe;resx;tiff;tif;png;wav;mfcribbon-ms</Extensions>
    </Filter>
    <Filter Include="Source Files\STI">
      <UniqueIdentifier>{27bae812-9828-4bf7-a32a-caa50f9c26f7}</UniqueIdentifier>
    </Filter>
    <Filter Include="Source Files\lodepng">
      <UniqueIdentifier>{b9402a5e-66be-47eb-98fa-1c8d2ba2184d}</UniqueIdentifier>
    </Filter>
  </ItemGroup>
  <ItemGroup>
    <ClCompile Include="Source\Create.cpp">
      <Filter>Source Files</Filter>
    </ClCompile>
    <ClCompile Include="Source\dir.cpp">
      <Filter>Source Files</Filter>
    </ClCompile>
    <ClCompile Include="Source\extract.cpp">
      <Filter>Source Files</Filter>
    </ClCompile>
    <ClCompile Include="Source\ja2tool.cpp">
      <Filter>Source Files</Filter>
    </ClCompile>
    <ClCompile Include="Source\misc.cpp">
      <Filter>Source Files</Filter>
    </ClCompile>
    <ClCompile Include="Source\STI\ConvertFromSTI.cpp">
      <Filter>Source Files\STI</Filter>
    </ClCompile>
    <ClCompile Include="Source\lodepng\lodepng.cpp">
      <Filter>Source Files\lodepng</Filter>
    </ClCompile>
    <ClCompile Include="Source\STI\ConvertToSTI.cpp">
      <Filter>Source Files\STI</Filter>
    </ClCompile>
  </ItemGroup>
  <ItemGroup>
    <ClInclude Include="Source\Create.h">
      <Filter>Source Files</Filter>
    </ClInclude>
    <ClInclude Include="Source\dir.h">
      <Filter>Source Files</Filter>
    </ClInclude>
    <ClInclude Include="Source\extract.h">
      <Filter>Source Files</Filter>
    </ClInclude>
    <ClInclude Include="Source\ja2tool.h">
      <Filter>Source Files</Filter>
    </ClInclude>
    <ClInclude Include="Source\misc.h">
      <Filter>Source Files</Filter>
    </ClInclude>
    <ClInclude Include="Source\SLFformat.h">
      <Filter>Source Files</Filter>
    </ClInclude>
    <ClInclude Include="Source\STI\STIformat.h">
      <Filter>Source Files\STI</Filter>
    </ClInclude>
    <ClInclude Include="Source\STI\ConvertFromSTI.h">
      <Filter>Source Files\STI</Filter>
    </ClInclude>
    <ClInclude Include="Source\lodepng\lodepng.h">
      <Filter>Source Files\lodepng</Filter>
    </ClInclude>
    <ClInclude Include="Source\STI\ConvertToSTI.h">
      <Filter>Source Files\STI</Filter>
    </ClInclude>
  </ItemGroup>
</Project>